
Microsoft Visual Studio Solution File, Format Version 12.00
# Visual Studio Version 16
VisualStudioVersion = 16.0.35130.168
MinimumVisualStudioVersion = 10.0.40219.1
Project("{D2ABAB84-BF74-430A-B69E-9DC6D40DDA17}") = "Ejercicio2", "Ejercicio2.dwproj", "{ED4EEEFE-5763-4992-8D37-B61E53308880}"
EndProject
Global
	GlobalSection(SolutionConfigurationPlatforms) = preSolution
		Development|Default = Development|Default
	EndGlobalSection
	GlobalSection(ProjectConfigurationPlatforms) = postSolution
		{ED4EEEFE-5763-4992-8D37-B61E53308880}.Development|Default.ActiveCfg = Development
		{ED4EEEFE-5763-4992-8D37-B61E53308880}.Development|Default.Build.0 = Development
		{ED4EEEFE-5763-4992-8D37-B61E53308880}.Development|Default.Deploy.0 = Development
	EndGlobalSection
	GlobalSection(SolutionProperties) = preSolution
		HideSolutionNode = FALSE
	EndGlobalSection
	GlobalSection(ExtensibilityGlobals) = postSolution
		SolutionGuid = {47E585BA-30BA-434E-A708-A617F095C887}
	EndGlobalSection
EndGlobal
